
Microsoft Visual Studio Solution File, Format Version 12.00
# Visual Studio Version 17
VisualStudioVersion = 17.7.34003.232
MinimumVisualStudioVersion = 10.0.40219.1
Project("{FAE04EC0-301F-11D3-BF4B-00C04F79EFBC}") = "jsontry", "jsontry.csproj", "{8EB1106E-E583-4F9A-8D1E-5526975AF43F}"
EndProject
Global
	GlobalSection(SolutionConfigurationPlatforms) = preSolution
		Debug|Any CPU = Debug|Any CPU
		Release|Any CPU = Release|Any CPU
	EndGlobalSection
	GlobalSection(ProjectConfigurationPlatforms) = postSolution
		{8EB1106E-E583-4F9A-8D1E-5526975AF43F}.Debug|Any CPU.ActiveCfg = Debug|Any CPU
		{8EB1106E-E583-4F9A-8D1E-5526975AF43F}.Debug|Any CPU.Build.0 = Debug|Any CPU
		{8EB1106E-E583-4F9A-8D1E-5526975AF43F}.Release|Any CPU.ActiveCfg = Release|Any CPU
		{8EB1106E-E583-4F9A-8D1E-5526975AF43F}.Release|Any CPU.Build.0 = Release|Any CPU
	EndGlobalSection
	GlobalSection(SolutionProperties) = preSolution
		HideSolutionNode = FALSE
	EndGlobalSection
	GlobalSection(ExtensibilityGlobals) = postSolution
		SolutionGuid = {32203964-08BC-415E-92BB-DD1E1B031E96}
	EndGlobalSection
EndGlobal
